<?xml version="1.0" encoding="utf-8"?>
<Project ToolsVersion="4.0" xmlns="http://schemas.microsoft.com/developer/msbuild/2003">
  <ItemGroup>
    <Filter Include="Source Files">
      <UniqueIdentifier>{4FC737F1-C7A5-4376-A066-2A32D752A2FF}</UniqueIdentifier>
      <Extensions>cpp;c;cc;cxx;c++;def;odl;idl;hpj;bat;asm;asmx</Extensions>
    </Filter>
    <Filter Include="Header Files">
      <UniqueIdentifier>{93995380-89BD-4b04-88EB-625FBE52EBFB}</UniqueIdentifier>
      <Extensions>h;hh;hpp;hxx;h++;hm;inl;inc;ipp;xsd</Extensions>
    </Filter>
    <Filter Include="Resource Files">
      <UniqueIdentifier>{67DA6AB6-F800-4c08-8B7A-83BB121AAD01}</UniqueIdentifier>
      <Extensions>rc;ico;cur;bmp;dlg;rc2;rct;bin;rgs;gif;jpg;jpeg;jpe;resx;tiff;tif;png;wav;mfcribbon-ms</Extensions>
    </Filter>
    <Filter Include="Source Files\ConceptualExample">
      <UniqueIdentifier>{c0ef7a80-f706-487b-8b19-7a5a4a5155a0}</UniqueIdentifier>
    </Filter>
    <Filter Include="Source Files\LayoutManager">
      <UniqueIdentifier>{8b99f8a4-12d3-489e-a493-ef15c8477ff4}</UniqueIdentifier>
    </Filter>
  </ItemGroup>
  <ItemGroup>
    <None Include="Resources\Readme.md">
      <Filter>Resource Files</Filter>
    </None>
    <None Include="Resources\dp_builder_pattern.svg">
      <Filter>Resource Files</Filter>
    </None>
    <None Include="Resources\dp_builder_pattern_layoutmanager.svg">
      <Filter>Resource Files</Filter>
    </None>
  </ItemGroup>
  <ItemGroup>
    <ClCompile Include="ConceptualExample02.cpp">
      <Filter>Source Files\ConceptualExample</Filter>
    </ClCompile>
    <ClCompile Include="Program.cpp">
      <Filter>Source Files</Filter>
    </ClCompile>
    <ClCompile Include="LayoutManagerExample.cpp">
      <Filter>Source Files\LayoutManager</Filter>
    </ClCompile>
    <ClCompile Include="ConceptualExample01.cpp">
      <Filter>Source Files\ConceptualExample</Filter>
    </ClCompile>
  </ItemGroup>
</Project>