
Microsoft Visual Studio Solution File, Format Version 12.00
# Visual Studio Version 17
VisualStudioVersion = 17.4.33110.190
MinimumVisualStudioVersion = 10.0.40219.1
Project("{2150E333-8FDC-42A3-9474-1A3956D46DE8}") = "Solution Items", "Solution Items", "{60AD0A9A-5241-4A56-9619-C260AE166D44}"
	ProjectSection(SolutionItems) = preProject
		Resources\Buch_Allen_Holub_Design_Pattern.png = Resources\Buch_Allen_Holub_Design_Pattern.png
		Resources\Buch_Dmitri_Nesteruk_Design_Pattern_in_Modern_Cpp.png = Resources\Buch_Dmitri_Nesteruk_Design_Pattern_in_Modern_Cpp.png
		Resources\Buch_Fedor_Pikus_Design_Pattern.png = Resources\Buch_Fedor_Pikus_Design_Pattern.png
		Resources\Buch_Gamma_Vlissides_GoF_Design_Pattern_Original.png = Resources\Buch_Gamma_Vlissides_GoF_Design_Pattern_Original.png
		Resources\Buch_Gamma_Vlissides_GoF_Design_Pattern_Übersetzung.png = Resources\Buch_Gamma_Vlissides_GoF_Design_Pattern_Übersetzung.png
		Resources\Buch_Klaus_Iglberger_Cpp_Software_Design.png = Resources\Buch_Klaus_Iglberger_Cpp_Software_Design.png
		Resources\Buch_Marc_Gregoire.png = Resources\Buch_Marc_Gregoire.png
		Resources\Buch_Matthias_Geirhos_Entwurfsmuster.png = Resources\Buch_Matthias_Geirhos_Entwurfsmuster.png
		Resources\Buch_Shalloway_Trott_Design_Patterns_Explained.png = Resources\Buch_Shalloway_Trott_Design_Patterns_Explained.png
		Resources\Buch_Stephan_Roth_Clean_Cpp_20.png = Resources\Buch_Stephan_Roth_Clean_Cpp_20.png
		Resources\DesignPattern_HeardAbout.png = Resources\DesignPattern_HeardAbout.png
		Resources\dp_overview.png = Resources\dp_overview.png
		Resources\dp_overview.svg = Resources\dp_overview.svg
		Resources\dp_overview_modern_cpp.svg = Resources\dp_overview_modern_cpp.svg
		Resources\dp_overview_ui.svg = Resources\dp_overview_ui.svg
		Resources\race_condition_revised.png = Resources\race_condition_revised.png
		Readme.md = Readme.md
		Resources\Readme_01_History.md = Resources\Readme_01_History.md
		Resources\Readme_02_Description.md = Resources\Readme_02_Description.md
		Resources\Readme_03_Design_Principles.md = Resources\Readme_03_Design_Principles.md
		Resources\Readme_04_Criticism.md = Resources\Readme_04_Criticism.md
		Resources\Readme_05_Catalog.md = Resources\Readme_05_Catalog.md
		Resources\Readme_06_Comparison.md = Resources\Readme_06_Comparison.md
		Resources\Readme_07_Catalog_AntiPattern.md = Resources\Readme_07_Catalog_AntiPattern.md
		Resources\Readme_08_Literature.md = Resources\Readme_08_Literature.md
	EndProjectSection
EndProject
Project("{8BC9CEB8-8B4A-11D0-8D11-00A0C91BC942}") = "AbstractFactory", "Patterns\AbstractFactory\AbstractFactory.vcxproj", "{DCE69556-F0E6-4511-8D7D-78F89CB818E4}"
EndProject
Project("{8BC9CEB8-8B4A-11D0-8D11-00A0C91BC942}") = "AdapterPattern", "Patterns\AdapterPattern\AdapterPattern.vcxproj", "{A810ECDB-A2F5-48F6-B9C4-87DA12BD6BC6}"
EndProject
Project("{8BC9CEB8-8B4A-11D0-8D11-00A0C91BC942}") = "Bridge", "Patterns\Bridge\Bridge.vcxproj", "{270A0F12-2D28-4C68-8076-D6D81C83BE5F}"
EndProject
Project("{8BC9CEB8-8B4A-11D0-8D11-00A0C91BC942}") = "Builder", "Patterns\Builder\Builder.vcxproj", "{28C9424B-C961-461F-82A3-FDA95DD5BB32}"
EndProject
Project("{8BC9CEB8-8B4A-11D0-8D11-00A0C91BC942}") = "ChainOfResponsibility", "Patterns\ChainOfResponsibility\ChainOfResponsibility.vcxproj", "{EF040D12-2B09-4510-8053-022C8DDD9B60}"
EndProject
Project("{8BC9CEB8-8B4A-11D0-8D11-00A0C91BC942}") = "CommandPattern", "Patterns\CommandPattern\CommandPattern.vcxproj", "{21FFCF01-BFED-4FB5-ADDC-3665F70C3D77}"
EndProject
Project("{8BC9CEB8-8B4A-11D0-8D11-00A0C91BC942}") = "CompositePattern", "Patterns\CompositePattern\CompositePattern.vcxproj", "{41CE4DD3-87DC-46FC-85FA-181B78B1A3FA}"
EndProject
Project("{8BC9CEB8-8B4A-11D0-8D11-00A0C91BC942}") = "DecoratorPattern", "Patterns\DecoratorPattern\DecoratorPattern.vcxproj", "{4CCFC1E2-FA89-43C9-8EA7-EA87844B90C9}"
EndProject
Project("{8BC9CEB8-8B4A-11D0-8D11-00A0C91BC942}") = "FactoryMethod", "Patterns\FactoryMethod\FactoryMethod.vcxproj", "{3013656F-70B3-4897-80EF-81467C90A6B4}"
EndProject
Project("{8BC9CEB8-8B4A-11D0-8D11-00A0C91BC942}") = "Flyweight", "Patterns\Flyweight\Flyweight.vcxproj", "{A4640CF6-8C35-4A01-95B1-F81DE3769E73}"
EndProject
Project("{8BC9CEB8-8B4A-11D0-8D11-00A0C91BC942}") = "InterceptingFilterPattern", "Patterns\InterceptingFilterPattern\InterceptingFilterPattern.vcxproj", "{8CA368EF-15CF-4C7E-8331-08C8CFA42F16}"
EndProject
Project("{8BC9CEB8-8B4A-11D0-8D11-00A0C91BC942}") = "IteratorPattern", "Patterns\IteratorPattern\IteratorPattern.vcxproj", "{F082A534-FE0D-49A6-A82F-F3F9C5151A0B}"
EndProject
Project("{8BC9CEB8-8B4A-11D0-8D11-00A0C91BC942}") = "Memento", "Patterns\Memento\Memento.vcxproj", "{161B320F-6911-429F-88CE-A5408CF8BF58}"
EndProject
Project("{8BC9CEB8-8B4A-11D0-8D11-00A0C91BC942}") = "NullObject", "Patterns\NullObject\NullObject.vcxproj", "{3E1B0A66-E0CB-42D1-8352-2F5D7AD23F24}"
EndProject
Project("{8BC9CEB8-8B4A-11D0-8D11-00A0C91BC942}") = "Observer", "Patterns\Observer\Observer.vcxproj", "{D1BF6DA8-D23E-40A0-A58F-BEE71C4A7B69}"
EndProject
Project("{8BC9CEB8-8B4A-11D0-8D11-00A0C91BC942}") = "Prototype", "Patterns\Prototype\Prototype.vcxproj", "{A57FC3E0-39FC-41A8-85A8-094B6DF7D13C}"
EndProject
Project("{8BC9CEB8-8B4A-11D0-8D11-00A0C91BC942}") = "Proxy", "Patterns\Proxy\Proxy.vcxproj", "{A54A4DC1-CE87-4844-B432-F0A9E348A442}"
EndProject
Project("{8BC9CEB8-8B4A-11D0-8D11-00A0C91BC942}") = "Singleton", "Patterns\Singleton\Singleton.vcxproj", "{09AADC55-6D16-40F5-98C5-D3267901DE3E}"
EndProject
Project("{8BC9CEB8-8B4A-11D0-8D11-00A0C91BC942}") = "StatePattern", "Patterns\StatePattern\StatePattern.vcxproj", "{5572DA96-FB71-481E-8A3E-FBBFE21D784A}"
EndProject
Project("{8BC9CEB8-8B4A-11D0-8D11-00A0C91BC942}") = "StrategyPattern", "Patterns\StrategyPattern\StrategyPattern.vcxproj", "{52EF266C-DD06-42AB-AC7C-7A54C9DC652F}"
EndProject
Project("{8BC9CEB8-8B4A-11D0-8D11-00A0C91BC942}") = "TemplatePattern", "Patterns\TemplatePattern\TemplatePattern.vcxproj", "{00B87C25-A191-48F8-8B5B-A0A9D71E216D}"
EndProject
Project("{8BC9CEB8-8B4A-11D0-8D11-00A0C91BC942}") = "Visitor", "Patterns\Visitor\Visitor.vcxproj", "{4C3BAB89-048F-4446-872F-153694D9BDE4}"
EndProject
Project("{8BC9CEB8-8B4A-11D0-8D11-00A0C91BC942}") = "Facade", "Patterns\Facade\Facade.vcxproj", "{B827CCD7-A6CE-4D1B-AA8E-A38645444A5F}"
EndProject
Project("{8BC9CEB8-8B4A-11D0-8D11-00A0C91BC942}") = "Mediator", "Patterns\Mediator\Mediator.vcxproj", "{AA54CB96-0C86-4061-830C-45E4213B8A75}"
EndProject
Project("{8BC9CEB8-8B4A-11D0-8D11-00A0C91BC942}") = "RAII", "Patterns\RAII_Idiom\RAII_Idiom.vcxproj", "{E78CE94A-7606-4F5D-8658-C2561F3B1E68}"
EndProject
Project("{8BC9CEB8-8B4A-11D0-8D11-00A0C91BC942}") = "Pimpl", "Patterns\Pimpl\Pimpl.vcxproj", "{D59D5682-450F-4DB0-A823-4603F50FB541}"
EndProject
Project("{8BC9CEB8-8B4A-11D0-8D11-00A0C91BC942}") = "MVC", "Patterns\MVC\MVC.vcxproj", "{34963091-A73A-47DF-90F5-EB8B6C1B8026}"
EndProject
Project("{8BC9CEB8-8B4A-11D0-8D11-00A0C91BC942}") = "SOLID", "Patterns\SOLID\SOLID.vcxproj", "{E1F898F7-93A7-4D72-AF0C-DFD0F8343AD8}"
EndProject
Project("{8BC9CEB8-8B4A-11D0-8D11-00A0C91BC942}") = "InterpreterPattern", "Patterns\InterpreterPattern\InterpreterPattern.vcxproj", "{ECF95415-81E6-4722-AE72-96D9CC9BE5BB}"
EndProject
Project("{8BC9CEB8-8B4A-11D0-8D11-00A0C91BC942}") = "TypeErasure", "Patterns\TypeErasure\TypeErasure.vcxproj", "{447E2D49-CFE9-4EE6-8224-6096453054AA}"
EndProject
Project("{8BC9CEB8-8B4A-11D0-8D11-00A0C91BC942}") = "AbstractClassVsInterface", "Patterns\AbstractClassVsInterface\AbstractClassVsInterface.vcxproj", "{4C018379-CD5D-45E5-B441-0FDB0822BEA7}"
EndProject
Project("{8BC9CEB8-8B4A-11D0-8D11-00A0C91BC942}") = "SimpleFactory", "Patterns\SimpleFactory\SimpleFactory.vcxproj", "{1B1FD20D-228C-4171-B256-8E4751FD9CB8}"
EndProject
Project("{8BC9CEB8-8B4A-11D0-8D11-00A0C91BC942}") = "PolicyBasedDesign", "Patterns\PolicyBasedDesign\PolicyBasedDesign.vcxproj", "{F5666AC7-0844-4854-9E46-5B1ECA650633}"
EndProject
Global
	GlobalSection(SolutionConfigurationPlatforms) = preSolution
		Debug|x64 = Debug|x64
		Debug|x86 = Debug|x86
		Release|x64 = Release|x64
		Release|x86 = Release|x86
	EndGlobalSection
	GlobalSection(ProjectConfigurationPlatforms) = postSolution
		{DCE69556-F0E6-4511-8D7D-78F89CB818E4}.Debug|x64.ActiveCfg = Debug|x64
		{DCE69556-F0E6-4511-8D7D-78F89CB818E4}.Debug|x64.Build.0 = Debug|x64
		{DCE69556-F0E6-4511-8D7D-78F89CB818E4}.Debug|x86.ActiveCfg = Debug|Win32
		{DCE69556-F0E6-4511-8D7D-78F89CB818E4}.Debug|x86.Build.0 = Debug|Win32
		{DCE69556-F0E6-4511-8D7D-78F89CB818E4}.Release|x64.ActiveCfg = Release|x64
		{DCE69556-F0E6-4511-8D7D-78F89CB818E4}.Release|x64.Build.0 = Release|x64
		{DCE69556-F0E6-4511-8D7D-78F89CB818E4}.Release|x86.ActiveCfg = Release|Win32
		{DCE69556-F0E6-4511-8D7D-78F89CB818E4}.Release|x86.Build.0 = Release|Win32
		{A810ECDB-A2F5-48F6-B9C4-87DA12BD6BC6}.Debug|x64.ActiveCfg = Debug|x64
		{A810ECDB-A2F5-48F6-B9C4-87DA12BD6BC6}.Debug|x64.Build.0 = Debug|x64
		{A810ECDB-A2F5-48F6-B9C4-87DA12BD6BC6}.Debug|x86.ActiveCfg = Debug|Win32
		{A810ECDB-A2F5-48F6-B9C4-87DA12BD6BC6}.Debug|x86.Build.0 = Debug|Win32
		{A810ECDB-A2F5-48F6-B9C4-87DA12BD6BC6}.Release|x64.ActiveCfg = Release|x64
		{A810ECDB-A2F5-48F6-B9C4-87DA12BD6BC6}.Release|x64.Build.0 = Release|x64
		{A810ECDB-A2F5-48F6-B9C4-87DA12BD6BC6}.Release|x86.ActiveCfg = Release|Win32
		{A810ECDB-A2F5-48F6-B9C4-87DA12BD6BC6}.Release|x86.Build.0 = Release|Win32
		{270A0F12-2D28-4C68-8076-D6D81C83BE5F}.Debug|x64.ActiveCfg = Debug|x64
		{270A0F12-2D28-4C68-8076-D6D81C83BE5F}.Debug|x64.Build.0 = Debug|x64
		{270A0F12-2D28-4C68-8076-D6D81C83BE5F}.Debug|x86.ActiveCfg = Debug|Win32
		{270A0F12-2D28-4C68-8076-D6D81C83BE5F}.Debug|x86.Build.0 = Debug|Win32
		{270A0F12-2D28-4C68-8076-D6D81C83BE5F}.Release|x64.ActiveCfg = Release|x64
		{270A0F12-2D28-4C68-8076-D6D81C83BE5F}.Release|x64.Build.0 = Release|x64
		{270A0F12-2D28-4C68-8076-D6D81C83BE5F}.Release|x86.ActiveCfg = Release|Win32
		{270A0F12-2D28-4C68-8076-D6D81C83BE5F}.Release|x86.Build.0 = Release|Win32
		{28C9424B-C961-461F-82A3-FDA95DD5BB32}.Debug|x64.ActiveCfg = Debug|x64
		{28C9424B-C961-461F-82A3-FDA95DD5BB32}.Debug|x64.Build.0 = Debug|x64
		{28C9424B-C961-461F-82A3-FDA95DD5BB32}.Debug|x86.ActiveCfg = Debug|Win32
		{28C9424B-C961-461F-82A3-FDA95DD5BB32}.Debug|x86.Build.0 = Debug|Win32
		{28C9424B-C961-461F-82A3-FDA95DD5BB32}.Release|x64.ActiveCfg = Release|x64
		{28C9424B-C961-461F-82A3-FDA95DD5BB32}.Release|x64.Build.0 = Release|x64
		{28C9424B-C961-461F-82A3-FDA95DD5BB32}.Release|x86.ActiveCfg = Release|Win32
		{28C9424B-C961-461F-82A3-FDA95DD5BB32}.Release|x86.Build.0 = Release|Win32
		{EF040D12-2B09-4510-8053-022C8DDD9B60}.Debug|x64.ActiveCfg = Debug|x64
		{EF040D12-2B09-4510-8053-022C8DDD9B60}.Debug|x64.Build.0 = Debug|x64
		{EF040D12-2B09-4510-8053-022C8DDD9B60}.Debug|x86.ActiveCfg = Debug|Win32
		{EF040D12-2B09-4510-8053-022C8DDD9B60}.Debug|x86.Build.0 = Debug|Win32
		{EF040D12-2B09-4510-8053-022C8DDD9B60}.Release|x64.ActiveCfg = Release|x64
		{EF040D12-2B09-4510-8053-022C8DDD9B60}.Release|x64.Build.0 = Release|x64
		{EF040D12-2B09-4510-8053-022C8DDD9B60}.Release|x86.ActiveCfg = Release|Win32
		{EF040D12-2B09-4510-8053-022C8DDD9B60}.Release|x86.Build.0 = Release|Win32
		{21FFCF01-BFED-4FB5-ADDC-3665F70C3D77}.Debug|x64.ActiveCfg = Debug|x64
		{21FFCF01-BFED-4FB5-ADDC-3665F70C3D77}.Debug|x64.Build.0 = Debug|x64
		{21FFCF01-BFED-4FB5-ADDC-3665F70C3D77}.Debug|x86.ActiveCfg = Debug|Win32
		{21FFCF01-BFED-4FB5-ADDC-3665F70C3D77}.Debug|x86.Build.0 = Debug|Win32
		{21FFCF01-BFED-4FB5-ADDC-3665F70C3D77}.Release|x64.ActiveCfg = Release|x64
		{21FFCF01-BFED-4FB5-ADDC-3665F70C3D77}.Release|x64.Build.0 = Release|x64
		{21FFCF01-BFED-4FB5-ADDC-3665F70C3D77}.Release|x86.ActiveCfg = Release|Win32
		{21FFCF01-BFED-4FB5-ADDC-3665F70C3D77}.Release|x86.Build.0 = Release|Win32
		{41CE4DD3-87DC-46FC-85FA-181B78B1A3FA}.Debug|x64.ActiveCfg = Debug|x64
		{41CE4DD3-87DC-46FC-85FA-181B78B1A3FA}.Debug|x64.Build.0 = Debug|x64
		{41CE4DD3-87DC-46FC-85FA-181B78B1A3FA}.Debug|x86.ActiveCfg = Debug|Win32
		{41CE4DD3-87DC-46FC-85FA-181B78B1A3FA}.Debug|x86.Build.0 = Debug|Win32
		{41CE4DD3-87DC-46FC-85FA-181B78B1A3FA}.Release|x64.ActiveCfg = Release|x64
		{41CE4DD3-87DC-46FC-85FA-181B78B1A3FA}.Release|x64.Build.0 = Release|x64
		{41CE4DD3-87DC-46FC-85FA-181B78B1A3FA}.Release|x86.ActiveCfg = Release|Win32
		{41CE4DD3-87DC-46FC-85FA-181B78B1A3FA}.Release|x86.Build.0 = Release|Win32
		{4CCFC1E2-FA89-43C9-8EA7-EA87844B90C9}.Debug|x64.ActiveCfg = Debug|x64
		{4CCFC1E2-FA89-43C9-8EA7-EA87844B90C9}.Debug|x64.Build.0 = Debug|x64
		{4CCFC1E2-FA89-43C9-8EA7-EA87844B90C9}.Debug|x86.ActiveCfg = Debug|Win32
		{4CCFC1E2-FA89-43C9-8EA7-EA87844B90C9}.Debug|x86.Build.0 = Debug|Win32
		{4CCFC1E2-FA89-43C9-8EA7-EA87844B90C9}.Release|x64.ActiveCfg = Release|x64
		{4CCFC1E2-FA89-43C9-8EA7-EA87844B90C9}.Release|x64.Build.0 = Release|x64
		{4CCFC1E2-FA89-43C9-8EA7-EA87844B90C9}.Release|x86.ActiveCfg = Release|Win32
		{4CCFC1E2-FA89-43C9-8EA7-EA87844B90C9}.Release|x86.Build.0 = Release|Win32
		{3013656F-70B3-4897-80EF-81467C90A6B4}.Debug|x64.ActiveCfg = Debug|x64
		{3013656F-70B3-4897-80EF-81467C90A6B4}.Debug|x64.Build.0 = Debug|x64
		{3013656F-70B3-4897-80EF-81467C90A6B4}.Debug|x86.ActiveCfg = Debug|Win32
		{3013656F-70B3-4897-80EF-81467C90A6B4}.Debug|x86.Build.0 = Debug|Win32
		{3013656F-70B3-4897-80EF-81467C90A6B4}.Release|x64.ActiveCfg = Release|x64
		{3013656F-70B3-4897-80EF-81467C90A6B4}.Release|x64.Build.0 = Release|x64
		{3013656F-70B3-4897-80EF-81467C90A6B4}.Release|x86.ActiveCfg = Release|Win32
		{3013656F-70B3-4897-80EF-81467C90A6B4}.Release|x86.Build.0 = Release|Win32
		{A4640CF6-8C35-4A01-95B1-F81DE3769E73}.Debug|x64.ActiveCfg = Debug|x64
		{A4640CF6-8C35-4A01-95B1-F81DE3769E73}.Debug|x64.Build.0 = Debug|x64
		{A4640CF6-8C35-4A01-95B1-F81DE3769E73}.Debug|x86.ActiveCfg = Debug|Win32
		{A4640CF6-8C35-4A01-95B1-F81DE3769E73}.Debug|x86.Build.0 = Debug|Win32
		{A4640CF6-8C35-4A01-95B1-F81DE3769E73}.Release|x64.ActiveCfg = Release|x64
		{A4640CF6-8C35-4A01-95B1-F81DE3769E73}.Release|x64.Build.0 = Release|x64
		{A4640CF6-8C35-4A01-95B1-F81DE3769E73}.Release|x86.ActiveCfg = Release|Win32
		{A4640CF6-8C35-4A01-95B1-F81DE3769E73}.Release|x86.Build.0 = Release|Win32
		{8CA368EF-15CF-4C7E-8331-08C8CFA42F16}.Debug|x64.ActiveCfg = Debug|x64
		{8CA368EF-15CF-4C7E-8331-08C8CFA42F16}.Debug|x64.Build.0 = Debug|x64
		{8CA368EF-15CF-4C7E-8331-08C8CFA42F16}.Debug|x86.ActiveCfg = Debug|Win32
		{8CA368EF-15CF-4C7E-8331-08C8CFA42F16}.Debug|x86.Build.0 = Debug|Win32
		{8CA368EF-15CF-4C7E-8331-08C8CFA42F16}.Release|x64.ActiveCfg = Release|x64
		{8CA368EF-15CF-4C7E-8331-08C8CFA42F16}.Release|x64.Build.0 = Release|x64
		{8CA368EF-15CF-4C7E-8331-08C8CFA42F16}.Release|x86.ActiveCfg = Release|Win32
		{8CA368EF-15CF-4C7E-8331-08C8CFA42F16}.Release|x86.Build.0 = Release|Win32
		{F082A534-FE0D-49A6-A82F-F3F9C5151A0B}.Debug|x64.ActiveCfg = Debug|x64
		{F082A534-FE0D-49A6-A82F-F3F9C5151A0B}.Debug|x64.Build.0 = Debug|x64
		{F082A534-FE0D-49A6-A82F-F3F9C5151A0B}.Debug|x86.ActiveCfg = Debug|Win32
		{F082A534-FE0D-49A6-A82F-F3F9C5151A0B}.Debug|x86.Build.0 = Debug|Win32
		{F082A534-FE0D-49A6-A82F-F3F9C5151A0B}.Release|x64.ActiveCfg = Release|x64
		{F082A534-FE0D-49A6-A82F-F3F9C5151A0B}.Release|x64.Build.0 = Release|x64
		{F082A534-FE0D-49A6-A82F-F3F9C5151A0B}.Release|x86.ActiveCfg = Release|Win32
		{F082A534-FE0D-49A6-A82F-F3F9C5151A0B}.Release|x86.Build.0 = Release|Win32
		{161B320F-6911-429F-88CE-A5408CF8BF58}.Debug|x64.ActiveCfg = Debug|x64
		{161B320F-6911-429F-88CE-A5408CF8BF58}.Debug|x64.Build.0 = Debug|x64
		{161B320F-6911-429F-88CE-A5408CF8BF58}.Debug|x86.ActiveCfg = Debug|Win32
		{161B320F-6911-429F-88CE-A5408CF8BF58}.Debug|x86.Build.0 = Debug|Win32
		{161B320F-6911-429F-88CE-A5408CF8BF58}.Release|x64.ActiveCfg = Release|x64
		{161B320F-6911-429F-88CE-A5408CF8BF58}.Release|x64.Build.0 = Release|x64
		{161B320F-6911-429F-88CE-A5408CF8BF58}.Release|x86.ActiveCfg = Release|Win32
		{161B320F-6911-429F-88CE-A5408CF8BF58}.Release|x86.Build.0 = Release|Win32
		{3E1B0A66-E0CB-42D1-8352-2F5D7AD23F24}.Debug|x64.ActiveCfg = Debug|x64
		{3E1B0A66-E0CB-42D1-8352-2F5D7AD23F24}.Debug|x64.Build.0 = Debug|x64
		{3E1B0A66-E0CB-42D1-8352-2F5D7AD23F24}.Debug|x86.ActiveCfg = Debug|Win32
		{3E1B0A66-E0CB-42D1-8352-2F5D7AD23F24}.Debug|x86.Build.0 = Debug|Win32
		{3E1B0A66-E0CB-42D1-8352-2F5D7AD23F24}.Release|x64.ActiveCfg = Release|x64
		{3E1B0A66-E0CB-42D1-8352-2F5D7AD23F24}.Release|x64.Build.0 = Release|x64
		{3E1B0A66-E0CB-42D1-8352-2F5D7AD23F24}.Release|x86.ActiveCfg = Release|Win32
		{3E1B0A66-E0CB-42D1-8352-2F5D7AD23F24}.Release|x86.Build.0 = Release|Win32
		{D1BF6DA8-D23E-40A0-A58F-BEE71C4A7B69}.Debug|x64.ActiveCfg = Debug|x64
		{D1BF6DA8-D23E-40A0-A58F-BEE71C4A7B69}.Debug|x64.Build.0 = Debug|x64
		{D1BF6DA8-D23E-40A0-A58F-BEE71C4A7B69}.Debug|x86.ActiveCfg = Debug|Win32
		{D1BF6DA8-D23E-40A0-A58F-BEE71C4A7B69}.Debug|x86.Build.0 = Debug|Win32
		{D1BF6DA8-D23E-40A0-A58F-BEE71C4A7B69}.Release|x64.ActiveCfg = Release|x64
		{D1BF6DA8-D23E-40A0-A58F-BEE71C4A7B69}.Release|x64.Build.0 = Release|x64
		{D1BF6DA8-D23E-40A0-A58F-BEE71C4A7B69}.Release|x86.ActiveCfg = Release|Win32
		{D1BF6DA8-D23E-40A0-A58F-BEE71C4A7B69}.Release|x86.Build.0 = Release|Win32
		{A57FC3E0-39FC-41A8-85A8-094B6DF7D13C}.Debug|x64.ActiveCfg = Debug|x64
		{A57FC3E0-39FC-41A8-85A8-094B6DF7D13C}.Debug|x64.Build.0 = Debug|x64
		{A57FC3E0-39FC-41A8-85A8-094B6DF7D13C}.Debug|x86.ActiveCfg = Debug|Win32
		{A57FC3E0-39FC-41A8-85A8-094B6DF7D13C}.Debug|x86.Build.0 = Debug|Win32
		{A57FC3E0-39FC-41A8-85A8-094B6DF7D13C}.Release|x64.ActiveCfg = Release|x64
		{A57FC3E0-39FC-41A8-85A8-094B6DF7D13C}.Release|x64.Build.0 = Release|x64
		{A57FC3E0-39FC-41A8-85A8-094B6DF7D13C}.Release|x86.ActiveCfg = Release|Win32
		{A57FC3E0-39FC-41A8-85A8-094B6DF7D13C}.Release|x86.Build.0 = Release|Win32
		{A54A4DC1-CE87-4844-B432-F0A9E348A442}.Debug|x64.ActiveCfg = Debug|x64
		{A54A4DC1-CE87-4844-B432-F0A9E348A442}.Debug|x64.Build.0 = Debug|x64
		{A54A4DC1-CE87-4844-B432-F0A9E348A442}.Debug|x86.ActiveCfg = Debug|Win32
		{A54A4DC1-CE87-4844-B432-F0A9E348A442}.Debug|x86.Build.0 = Debug|Win32
		{A54A4DC1-CE87-4844-B432-F0A9E348A442}.Release|x64.ActiveCfg = Release|x64
		{A54A4DC1-CE87-4844-B432-F0A9E348A442}.Release|x64.Build.0 = Release|x64
		{A54A4DC1-CE87-4844-B432-F0A9E348A442}.Release|x86.ActiveCfg = Release|Win32
		{A54A4DC1-CE87-4844-B432-F0A9E348A442}.Release|x86.Build.0 = Release|Win32
		{09AADC55-6D16-40F5-98C5-D3267901DE3E}.Debug|x64.ActiveCfg = Debug|x64
		{09AADC55-6D16-40F5-98C5-D3267901DE3E}.Debug|x64.Build.0 = Debug|x64
		{09AADC55-6D16-40F5-98C5-D3267901DE3E}.Debug|x86.ActiveCfg = Debug|Win32
		{09AADC55-6D16-40F5-98C5-D3267901DE3E}.Debug|x86.Build.0 = Debug|Win32
		{09AADC55-6D16-40F5-98C5-D3267901DE3E}.Release|x64.ActiveCfg = Release|x64
		{09AADC55-6D16-40F5-98C5-D3267901DE3E}.Release|x64.Build.0 = Release|x64
		{09AADC55-6D16-40F5-98C5-D3267901DE3E}.Release|x86.ActiveCfg = Release|Win32
		{09AADC55-6D16-40F5-98C5-D3267901DE3E}.Release|x86.Build.0 = Release|Win32
		{5572DA96-FB71-481E-8A3E-FBBFE21D784A}.Debug|x64.ActiveCfg = Debug|x64
		{5572DA96-FB71-481E-8A3E-FBBFE21D784A}.Debug|x64.Build.0 = Debug|x64
		{5572DA96-FB71-481E-8A3E-FBBFE21D784A}.Debug|x86.ActiveCfg = Debug|Win32
		{5572DA96-FB71-481E-8A3E-FBBFE21D784A}.Debug|x86.Build.0 = Debug|Win32
		{5572DA96-FB71-481E-8A3E-FBBFE21D784A}.Release|x64.ActiveCfg = Release|x64
		{5572DA96-FB71-481E-8A3E-FBBFE21D784A}.Release|x64.Build.0 = Release|x64
		{5572DA96-FB71-481E-8A3E-FBBFE21D784A}.Release|x86.ActiveCfg = Release|Win32
		{5572DA96-FB71-481E-8A3E-FBBFE21D784A}.Release|x86.Build.0 = Release|Win32
		{52EF266C-DD06-42AB-AC7C-7A54C9DC652F}.Debug|x64.ActiveCfg = Debug|x64
		{52EF266C-DD06-42AB-AC7C-7A54C9DC652F}.Debug|x64.Build.0 = Debug|x64
		{52EF266C-DD06-42AB-AC7C-7A54C9DC652F}.Debug|x86.ActiveCfg = Debug|Win32
		{52EF266C-DD06-42AB-AC7C-7A54C9DC652F}.Debug|x86.Build.0 = Debug|Win32
		{52EF266C-DD06-42AB-AC7C-7A54C9DC652F}.Release|x64.ActiveCfg = Release|x64
		{52EF266C-DD06-42AB-AC7C-7A54C9DC652F}.Release|x64.Build.0 = Release|x64
		{52EF266C-DD06-42AB-AC7C-7A54C9DC652F}.Release|x86.ActiveCfg = Release|Win32
		{52EF266C-DD06-42AB-AC7C-7A54C9DC652F}.Release|x86.Build.0 = Release|Win32
		{00B87C25-A191-48F8-8B5B-A0A9D71E216D}.Debug|x64.ActiveCfg = Debug|x64
		{00B87C25-A191-48F8-8B5B-A0A9D71E216D}.Debug|x64.Build.0 = Debug|x64
		{00B87C25-A191-48F8-8B5B-A0A9D71E216D}.Debug|x86.ActiveCfg = Debug|Win32
		{00B87C25-A191-48F8-8B5B-A0A9D71E216D}.Debug|x86.Build.0 = Debug|Win32
		{00B87C25-A191-48F8-8B5B-A0A9D71E216D}.Release|x64.ActiveCfg = Release|x64
		{00B87C25-A191-48F8-8B5B-A0A9D71E216D}.Release|x64.Build.0 = Release|x64
		{00B87C25-A191-48F8-8B5B-A0A9D71E216D}.Release|x86.ActiveCfg = Release|Win32
		{00B87C25-A191-48F8-8B5B-A0A9D71E216D}.Release|x86.Build.0 = Release|Win32
		{4C3BAB89-048F-4446-872F-153694D9BDE4}.Debug|x64.ActiveCfg = Debug|x64
		{4C3BAB89-048F-4446-872F-153694D9BDE4}.Debug|x64.Build.0 = Debug|x64
		{4C3BAB89-048F-4446-872F-153694D9BDE4}.Debug|x86.ActiveCfg = Debug|Win32
		{4C3BAB89-048F-4446-872F-153694D9BDE4}.Debug|x86.Build.0 = Debug|Win32
		{4C3BAB89-048F-4446-872F-153694D9BDE4}.Release|x64.ActiveCfg = Release|x64
		{4C3BAB89-048F-4446-872F-153694D9BDE4}.Release|x64.Build.0 = Release|x64
		{4C3BAB89-048F-4446-872F-153694D9BDE4}.Release|x86.ActiveCfg = Release|Win32
		{4C3BAB89-048F-4446-872F-153694D9BDE4}.Release|x86.Build.0 = Release|Win32
		{B827CCD7-A6CE-4D1B-AA8E-A38645444A5F}.Debug|x64.ActiveCfg = Debug|x64
		{B827CCD7-A6CE-4D1B-AA8E-A38645444A5F}.Debug|x64.Build.0 = Debug|x64
		{B827CCD7-A6CE-4D1B-AA8E-A38645444A5F}.Debug|x86.ActiveCfg = Debug|Win32
		{B827CCD7-A6CE-4D1B-AA8E-A38645444A5F}.Debug|x86.Build.0 = Debug|Win32
		{B827CCD7-A6CE-4D1B-AA8E-A38645444A5F}.Release|x64.ActiveCfg = Release|x64
		{B827CCD7-A6CE-4D1B-AA8E-A38645444A5F}.Release|x64.Build.0 = Release|x64
		{B827CCD7-A6CE-4D1B-AA8E-A38645444A5F}.Release|x86.ActiveCfg = Release|Win32
		{B827CCD7-A6CE-4D1B-AA8E-A38645444A5F}.Release|x86.Build.0 = Release|Win32
		{AA54CB96-0C86-4061-830C-45E4213B8A75}.Debug|x64.ActiveCfg = Debug|x64
		{AA54CB96-0C86-4061-830C-45E4213B8A75}.Debug|x64.Build.0 = Debug|x64
		{AA54CB96-0C86-4061-830C-45E4213B8A75}.Debug|x86.ActiveCfg = Debug|Win32
		{AA54CB96-0C86-4061-830C-45E4213B8A75}.Debug|x86.Build.0 = Debug|Win32
		{AA54CB96-0C86-4061-830C-45E4213B8A75}.Release|x64.ActiveCfg = Release|x64
		{AA54CB96-0C86-4061-830C-45E4213B8A75}.Release|x64.Build.0 = Release|x64
		{AA54CB96-0C86-4061-830C-45E4213B8A75}.Release|x86.ActiveCfg = Release|Win32
		{AA54CB96-0C86-4061-830C-45E4213B8A75}.Release|x86.Build.0 = Release|Win32
		{E78CE94A-7606-4F5D-8658-C2561F3B1E68}.Debug|x64.ActiveCfg = Debug|x64
		{E78CE94A-7606-4F5D-8658-C2561F3B1E68}.Debug|x64.Build.0 = Debug|x64
		{E78CE94A-7606-4F5D-8658-C2561F3B1E68}.Debug|x86.ActiveCfg = Debug|Win32
		{E78CE94A-7606-4F5D-8658-C2561F3B1E68}.Debug|x86.Build.0 = Debug|Win32
		{E78CE94A-7606-4F5D-8658-C2561F3B1E68}.Release|x64.ActiveCfg = Release|x64
		{E78CE94A-7606-4F5D-8658-C2561F3B1E68}.Release|x64.Build.0 = Release|x64
		{E78CE94A-7606-4F5D-8658-C2561F3B1E68}.Release|x86.ActiveCfg = Release|Win32
		{E78CE94A-7606-4F5D-8658-C2561F3B1E68}.Release|x86.Build.0 = Release|Win32
		{D59D5682-450F-4DB0-A823-4603F50FB541}.Debug|x64.ActiveCfg = Debug|x64
		{D59D5682-450F-4DB0-A823-4603F50FB541}.Debug|x64.Build.0 = Debug|x64
		{D59D5682-450F-4DB0-A823-4603F50FB541}.Debug|x86.ActiveCfg = Debug|Win32
		{D59D5682-450F-4DB0-A823-4603F50FB541}.Debug|x86.Build.0 = Debug|Win32
		{D59D5682-450F-4DB0-A823-4603F50FB541}.Release|x64.ActiveCfg = Release|x64
		{D59D5682-450F-4DB0-A823-4603F50FB541}.Release|x64.Build.0 = Release|x64
		{D59D5682-450F-4DB0-A823-4603F50FB541}.Release|x86.ActiveCfg = Release|Win32
		{D59D5682-450F-4DB0-A823-4603F50FB541}.Release|x86.Build.0 = Release|Win32
		{34963091-A73A-47DF-90F5-EB8B6C1B8026}.Debug|x64.ActiveCfg = Debug|x64
		{34963091-A73A-47DF-90F5-EB8B6C1B8026}.Debug|x64.Build.0 = Debug|x64
		{34963091-A73A-47DF-90F5-EB8B6C1B8026}.Debug|x86.ActiveCfg = Debug|Win32
		{34963091-A73A-47DF-90F5-EB8B6C1B8026}.Debug|x86.Build.0 = Debug|Win32
		{34963091-A73A-47DF-90F5-EB8B6C1B8026}.Release|x64.ActiveCfg = Release|x64
		{34963091-A73A-47DF-90F5-EB8B6C1B8026}.Release|x64.Build.0 = Release|x64
		{34963091-A73A-47DF-90F5-EB8B6C1B8026}.Release|x86.ActiveCfg = Release|Win32
		{34963091-A73A-47DF-90F5-EB8B6C1B8026}.Release|x86.Build.0 = Release|Win32
		{E1F898F7-93A7-4D72-AF0C-DFD0F8343AD8}.Debug|x64.ActiveCfg = Debug|x64
		{E1F898F7-93A7-4D72-AF0C-DFD0F8343AD8}.Debug|x64.Build.0 = Debug|x64
		{E1F898F7-93A7-4D72-AF0C-DFD0F8343AD8}.Debug|x86.ActiveCfg = Debug|Win32
		{E1F898F7-93A7-4D72-AF0C-DFD0F8343AD8}.Debug|x86.Build.0 = Debug|Win32
		{E1F898F7-93A7-4D72-AF0C-DFD0F8343AD8}.Release|x64.ActiveCfg = Release|x64
		{E1F898F7-93A7-4D72-AF0C-DFD0F8343AD8}.Release|x64.Build.0 = Release|x64
		{E1F898F7-93A7-4D72-AF0C-DFD0F8343AD8}.Release|x86.ActiveCfg = Release|Win32
		{E1F898F7-93A7-4D72-AF0C-DFD0F8343AD8}.Release|x86.Build.0 = Release|Win32
		{ECF95415-81E6-4722-AE72-96D9CC9BE5BB}.Debug|x64.ActiveCfg = Debug|x64
		{ECF95415-81E6-4722-AE72-96D9CC9BE5BB}.Debug|x64.Build.0 = Debug|x64
		{ECF95415-81E6-4722-AE72-96D9CC9BE5BB}.Debug|x86.ActiveCfg = Debug|Win32
		{ECF95415-81E6-4722-AE72-96D9CC9BE5BB}.Debug|x86.Build.0 = Debug|Win32
		{ECF95415-81E6-4722-AE72-96D9CC9BE5BB}.Release|x64.ActiveCfg = Release|x64
		{ECF95415-81E6-4722-AE72-96D9CC9BE5BB}.Release|x64.Build.0 = Release|x64
		{ECF95415-81E6-4722-AE72-96D9CC9BE5BB}.Release|x86.ActiveCfg = Release|Win32
		{ECF95415-81E6-4722-AE72-96D9CC9BE5BB}.Release|x86.Build.0 = Release|Win32
		{447E2D49-CFE9-4EE6-8224-6096453054AA}.Debug|x64.ActiveCfg = Debug|x64
		{447E2D49-CFE9-4EE6-8224-6096453054AA}.Debug|x64.Build.0 = Debug|x64
		{447E2D49-CFE9-4EE6-8224-6096453054AA}.Debug|x86.ActiveCfg = Debug|Win32
		{447E2D49-CFE9-4EE6-8224-6096453054AA}.Debug|x86.Build.0 = Debug|Win32
		{447E2D49-CFE9-4EE6-8224-6096453054AA}.Release|x64.ActiveCfg = Release|x64
		{447E2D49-CFE9-4EE6-8224-6096453054AA}.Release|x64.Build.0 = Release|x64
		{447E2D49-CFE9-4EE6-8224-6096453054AA}.Release|x86.ActiveCfg = Release|Win32
		{447E2D49-CFE9-4EE6-8224-6096453054AA}.Release|x86.Build.0 = Release|Win32
		{4C018379-CD5D-45E5-B441-0FDB0822BEA7}.Debug|x64.ActiveCfg = Debug|x64
		{4C018379-CD5D-45E5-B441-0FDB0822BEA7}.Debug|x64.Build.0 = Debug|x64
		{4C018379-CD5D-45E5-B441-0FDB0822BEA7}.Debug|x86.ActiveCfg = Debug|Win32
		{4C018379-CD5D-45E5-B441-0FDB0822BEA7}.Debug|x86.Build.0 = Debug|Win32
		{4C018379-CD5D-45E5-B441-0FDB0822BEA7}.Release|x64.ActiveCfg = Release|x64
		{4C018379-CD5D-45E5-B441-0FDB0822BEA7}.Release|x64.Build.0 = Release|x64
		{4C018379-CD5D-45E5-B441-0FDB0822BEA7}.Release|x86.ActiveCfg = Release|Win32
		{4C018379-CD5D-45E5-B441-0FDB0822BEA7}.Release|x86.Build.0 = Release|Win32
		{1B1FD20D-228C-4171-B256-8E4751FD9CB8}.Debug|x64.ActiveCfg = Debug|x64
		{1B1FD20D-228C-4171-B256-8E4751FD9CB8}.Debug|x64.Build.0 = Debug|x64
		{1B1FD20D-228C-4171-B256-8E4751FD9CB8}.Debug|x86.ActiveCfg = Debug|Win32
		{1B1FD20D-228C-4171-B256-8E4751FD9CB8}.Debug|x86.Build.0 = Debug|Win32
		{1B1FD20D-228C-4171-B256-8E4751FD9CB8}.Release|x64.ActiveCfg = Release|x64
		{1B1FD20D-228C-4171-B256-8E4751FD9CB8}.Release|x64.Build.0 = Release|x64
		{1B1FD20D-228C-4171-B256-8E4751FD9CB8}.Release|x86.ActiveCfg = Release|Win32
		{1B1FD20D-228C-4171-B256-8E4751FD9CB8}.Release|x86.Build.0 = Release|Win32
		{F5666AC7-0844-4854-9E46-5B1ECA650633}.Debug|x64.ActiveCfg = Debug|x64
		{F5666AC7-0844-4854-9E46-5B1ECA650633}.Debug|x64.Build.0 = Debug|x64
		{F5666AC7-0844-4854-9E46-5B1ECA650633}.Debug|x86.ActiveCfg = Debug|Win32
		{F5666AC7-0844-4854-9E46-5B1ECA650633}.Debug|x86.Build.0 = Debug|Win32
		{F5666AC7-0844-4854-9E46-5B1ECA650633}.Release|x64.ActiveCfg = Release|x64
		{F5666AC7-0844-4854-9E46-5B1ECA650633}.Release|x64.Build.0 = Release|x64
		{F5666AC7-0844-4854-9E46-5B1ECA650633}.Release|x86.ActiveCfg = Release|Win32
		{F5666AC7-0844-4854-9E46-5B1ECA650633}.Release|x86.Build.0 = Release|Win32
	EndGlobalSection
	GlobalSection(SolutionProperties) = preSolution
		HideSolutionNode = FALSE
	EndGlobalSection
	GlobalSection(ExtensibilityGlobals) = postSolution
		SolutionGuid = {4C1DC537-7639-4F77-B8F7-BBB4BB3D0BE3}
	EndGlobalSection
EndGlobal
