
Microsoft Visual Studio Solution File, Format Version 12.00
# Visual Studio Version 16
VisualStudioVersion = 16.0.29911.84
MinimumVisualStudioVersion = 10.0.40219.1
Project("{8BC9CEB8-8B4A-11D0-8D11-00A0C91BC942}") = "StrategyPattern", "StrategyPattern\StrategyPattern.vcxproj", "{52EF266C-DD06-42AB-AC7C-7A54C9DC652F}"
EndProject
Project("{8BC9CEB8-8B4A-11D0-8D11-00A0C91BC942}") = "TemplatePattern", "TemplatePattern\TemplatePattern.vcxproj", "{00B87C25-A191-48F8-8B5B-A0A9D71E216D}"
EndProject
Project("{2150E333-8FDC-42A3-9474-1A3956D46DE8}") = "Solution Items", "Solution Items", "{60AD0A9A-5241-4A56-9619-C260AE166D44}"
	ProjectSection(SolutionItems) = preProject
		Readme.md = Readme.md
		Readme_02.md = Readme_02.md
	EndProjectSection
EndProject
Project("{8BC9CEB8-8B4A-11D0-8D11-00A0C91BC942}") = "CommandPattern", "CommandPattern\CommandPattern.vcxproj", "{21FFCF01-BFED-4FB5-ADDC-3665F70C3D77}"
EndProject
Project("{8BC9CEB8-8B4A-11D0-8D11-00A0C91BC942}") = "Singleton", "Singleton\Singleton.vcxproj", "{09AADC55-6D16-40F5-98C5-D3267901DE3E}"
EndProject
Global
	GlobalSection(SolutionConfigurationPlatforms) = preSolution
		Debug|x64 = Debug|x64
		Debug|x86 = Debug|x86
		Release|x64 = Release|x64
		Release|x86 = Release|x86
	EndGlobalSection
	GlobalSection(ProjectConfigurationPlatforms) = postSolution
		{52EF266C-DD06-42AB-AC7C-7A54C9DC652F}.Debug|x64.ActiveCfg = Debug|x64
		{52EF266C-DD06-42AB-AC7C-7A54C9DC652F}.Debug|x64.Build.0 = Debug|x64
		{52EF266C-DD06-42AB-AC7C-7A54C9DC652F}.Debug|x86.ActiveCfg = Debug|Win32
		{52EF266C-DD06-42AB-AC7C-7A54C9DC652F}.Debug|x86.Build.0 = Debug|Win32
		{52EF266C-DD06-42AB-AC7C-7A54C9DC652F}.Release|x64.ActiveCfg = Release|x64
		{52EF266C-DD06-42AB-AC7C-7A54C9DC652F}.Release|x64.Build.0 = Release|x64
		{52EF266C-DD06-42AB-AC7C-7A54C9DC652F}.Release|x86.ActiveCfg = Release|Win32
		{52EF266C-DD06-42AB-AC7C-7A54C9DC652F}.Release|x86.Build.0 = Release|Win32
		{00B87C25-A191-48F8-8B5B-A0A9D71E216D}.Debug|x64.ActiveCfg = Debug|x64
		{00B87C25-A191-48F8-8B5B-A0A9D71E216D}.Debug|x64.Build.0 = Debug|x64
		{00B87C25-A191-48F8-8B5B-A0A9D71E216D}.Debug|x86.ActiveCfg = Debug|Win32
		{00B87C25-A191-48F8-8B5B-A0A9D71E216D}.Debug|x86.Build.0 = Debug|Win32
		{00B87C25-A191-48F8-8B5B-A0A9D71E216D}.Release|x64.ActiveCfg = Release|x64
		{00B87C25-A191-48F8-8B5B-A0A9D71E216D}.Release|x64.Build.0 = Release|x64
		{00B87C25-A191-48F8-8B5B-A0A9D71E216D}.Release|x86.ActiveCfg = Release|Win32
		{00B87C25-A191-48F8-8B5B-A0A9D71E216D}.Release|x86.Build.0 = Release|Win32
		{21FFCF01-BFED-4FB5-ADDC-3665F70C3D77}.Debug|x64.ActiveCfg = Debug|x64
		{21FFCF01-BFED-4FB5-ADDC-3665F70C3D77}.Debug|x64.Build.0 = Debug|x64
		{21FFCF01-BFED-4FB5-ADDC-3665F70C3D77}.Debug|x86.ActiveCfg = Debug|Win32
		{21FFCF01-BFED-4FB5-ADDC-3665F70C3D77}.Debug|x86.Build.0 = Debug|Win32
		{21FFCF01-BFED-4FB5-ADDC-3665F70C3D77}.Release|x64.ActiveCfg = Release|x64
		{21FFCF01-BFED-4FB5-ADDC-3665F70C3D77}.Release|x64.Build.0 = Release|x64
		{21FFCF01-BFED-4FB5-ADDC-3665F70C3D77}.Release|x86.ActiveCfg = Release|Win32
		{21FFCF01-BFED-4FB5-ADDC-3665F70C3D77}.Release|x86.Build.0 = Release|Win32
		{09AADC55-6D16-40F5-98C5-D3267901DE3E}.Debug|x64.ActiveCfg = Debug|x64
		{09AADC55-6D16-40F5-98C5-D3267901DE3E}.Debug|x64.Build.0 = Debug|x64
		{09AADC55-6D16-40F5-98C5-D3267901DE3E}.Debug|x86.ActiveCfg = Debug|Win32
		{09AADC55-6D16-40F5-98C5-D3267901DE3E}.Debug|x86.Build.0 = Debug|Win32
		{09AADC55-6D16-40F5-98C5-D3267901DE3E}.Release|x64.ActiveCfg = Release|x64
		{09AADC55-6D16-40F5-98C5-D3267901DE3E}.Release|x64.Build.0 = Release|x64
		{09AADC55-6D16-40F5-98C5-D3267901DE3E}.Release|x86.ActiveCfg = Release|Win32
		{09AADC55-6D16-40F5-98C5-D3267901DE3E}.Release|x86.Build.0 = Release|Win32
	EndGlobalSection
	GlobalSection(SolutionProperties) = preSolution
		HideSolutionNode = FALSE
	EndGlobalSection
	GlobalSection(ExtensibilityGlobals) = postSolution
		SolutionGuid = {4C1DC537-7639-4F77-B8F7-BBB4BB3D0BE3}
	EndGlobalSection
EndGlobal
