
Microsoft Visual Studio Solution File, Format Version 12.00
# Visual Studio Version 16
VisualStudioVersion = 16.0.29911.84
MinimumVisualStudioVersion = 10.0.40219.1
Project("{8BC9CEB8-8B4A-11D0-8D11-00A0C91BC942}") = "StrategyPattern", "StrategyPattern\StrategyPattern.vcxproj", "{52EF266C-DD06-42AB-AC7C-7A54C9DC652F}"
EndProject
Project("{8BC9CEB8-8B4A-11D0-8D11-00A0C91BC942}") = "TemplatePattern", "TemplatePattern\TemplatePattern.vcxproj", "{00B87C25-A191-48F8-8B5B-A0A9D71E216D}"
EndProject
Project("{2150E333-8FDC-42A3-9474-1A3956D46DE8}") = "Solution Items", "Solution Items", "{60AD0A9A-5241-4A56-9619-C260AE166D44}"
	ProjectSection(SolutionItems) = preProject
		Readme.md = Readme.md
		Readme_01_History.md = Readme_01_History.md
		Readme_02_Description.md = Readme_02_Description.md
		Readme_03_Design_Principles.md = Readme_03_Design_Principles.md
		Readme_04_Criticism.md = Readme_04_Criticism.md
		Readme_05_Catalog.md = Readme_05_Catalog.md
		Readme_06_Literature.md = Readme_06_Literature.md
	EndProjectSection
EndProject
Project("{8BC9CEB8-8B4A-11D0-8D11-00A0C91BC942}") = "CommandPattern", "CommandPattern\CommandPattern.vcxproj", "{21FFCF01-BFED-4FB5-ADDC-3665F70C3D77}"
EndProject
Project("{8BC9CEB8-8B4A-11D0-8D11-00A0C91BC942}") = "Singleton", "Singleton\Singleton.vcxproj", "{09AADC55-6D16-40F5-98C5-D3267901DE3E}"
EndProject
Project("{8BC9CEB8-8B4A-11D0-8D11-00A0C91BC942}") = "CompositePattern", "CompositePattern\CompositePattern.vcxproj", "{41CE4DD3-87DC-46FC-85FA-181B78B1A3FA}"
EndProject
Project("{8BC9CEB8-8B4A-11D0-8D11-00A0C91BC942}") = "Observer", "Observer\Observer.vcxproj", "{D1BF6DA8-D23E-40A0-A58F-BEE71C4A7B69}"
EndProject
Project("{8BC9CEB8-8B4A-11D0-8D11-00A0C91BC942}") = "OpaquePointer", "OpaquePointer\OpaquePointer.vcxproj", "{D59D5682-450F-4DB0-A823-4603F50FB541}"
EndProject
Project("{8BC9CEB8-8B4A-11D0-8D11-00A0C91BC942}") = "DecoratorPattern", "DecoratorPattern\DecoratorPattern.vcxproj", "{4CCFC1E2-FA89-43C9-8EA7-EA87844B90C9}"
EndProject
Project("{8BC9CEB8-8B4A-11D0-8D11-00A0C91BC942}") = "NullObject", "NullObject\NullObject.vcxproj", "{3E1B0A66-E0CB-42D1-8352-2F5D7AD23F24}"
EndProject
Project("{8BC9CEB8-8B4A-11D0-8D11-00A0C91BC942}") = "AbstractFactory", "AbstractFactory\AbstractFactory.vcxproj", "{DCE69556-F0E6-4511-8D7D-78F89CB818E4}"
EndProject
Project("{8BC9CEB8-8B4A-11D0-8D11-00A0C91BC942}") = "Builder", "Builder\Builder.vcxproj", "{28C9424B-C961-461F-82A3-FDA95DD5BB32}"
EndProject
Project("{8BC9CEB8-8B4A-11D0-8D11-00A0C91BC942}") = "FactoryMethod", "FactoryMethod\FactoryMethod.vcxproj", "{3013656F-70B3-4897-80EF-81467C90A6B4}"
EndProject
Project("{8BC9CEB8-8B4A-11D0-8D11-00A0C91BC942}") = "Prototype", "Prototype\Prototype.vcxproj", "{A57FC3E0-39FC-41A8-85A8-094B6DF7D13C}"
EndProject
Project("{8BC9CEB8-8B4A-11D0-8D11-00A0C91BC942}") = "AdapterPattern", "AdapterPattern\AdapterPattern.vcxproj", "{A810ECDB-A2F5-48F6-B9C4-87DA12BD6BC6}"
EndProject
Global
	GlobalSection(SolutionConfigurationPlatforms) = preSolution
		Debug|x64 = Debug|x64
		Debug|x86 = Debug|x86
		Release|x64 = Release|x64
		Release|x86 = Release|x86
	EndGlobalSection
	GlobalSection(ProjectConfigurationPlatforms) = postSolution
		{52EF266C-DD06-42AB-AC7C-7A54C9DC652F}.Debug|x64.ActiveCfg = Debug|x64
		{52EF266C-DD06-42AB-AC7C-7A54C9DC652F}.Debug|x64.Build.0 = Debug|x64
		{52EF266C-DD06-42AB-AC7C-7A54C9DC652F}.Debug|x86.ActiveCfg = Debug|Win32
		{52EF266C-DD06-42AB-AC7C-7A54C9DC652F}.Debug|x86.Build.0 = Debug|Win32
		{52EF266C-DD06-42AB-AC7C-7A54C9DC652F}.Release|x64.ActiveCfg = Release|x64
		{52EF266C-DD06-42AB-AC7C-7A54C9DC652F}.Release|x64.Build.0 = Release|x64
		{52EF266C-DD06-42AB-AC7C-7A54C9DC652F}.Release|x86.ActiveCfg = Release|Win32
		{52EF266C-DD06-42AB-AC7C-7A54C9DC652F}.Release|x86.Build.0 = Release|Win32
		{00B87C25-A191-48F8-8B5B-A0A9D71E216D}.Debug|x64.ActiveCfg = Debug|x64
		{00B87C25-A191-48F8-8B5B-A0A9D71E216D}.Debug|x64.Build.0 = Debug|x64
		{00B87C25-A191-48F8-8B5B-A0A9D71E216D}.Debug|x86.ActiveCfg = Debug|Win32
		{00B87C25-A191-48F8-8B5B-A0A9D71E216D}.Debug|x86.Build.0 = Debug|Win32
		{00B87C25-A191-48F8-8B5B-A0A9D71E216D}.Release|x64.ActiveCfg = Release|x64
		{00B87C25-A191-48F8-8B5B-A0A9D71E216D}.Release|x64.Build.0 = Release|x64
		{00B87C25-A191-48F8-8B5B-A0A9D71E216D}.Release|x86.ActiveCfg = Release|Win32
		{00B87C25-A191-48F8-8B5B-A0A9D71E216D}.Release|x86.Build.0 = Release|Win32
		{21FFCF01-BFED-4FB5-ADDC-3665F70C3D77}.Debug|x64.ActiveCfg = Debug|x64
		{21FFCF01-BFED-4FB5-ADDC-3665F70C3D77}.Debug|x64.Build.0 = Debug|x64
		{21FFCF01-BFED-4FB5-ADDC-3665F70C3D77}.Debug|x86.ActiveCfg = Debug|Win32
		{21FFCF01-BFED-4FB5-ADDC-3665F70C3D77}.Debug|x86.Build.0 = Debug|Win32
		{21FFCF01-BFED-4FB5-ADDC-3665F70C3D77}.Release|x64.ActiveCfg = Release|x64
		{21FFCF01-BFED-4FB5-ADDC-3665F70C3D77}.Release|x64.Build.0 = Release|x64
		{21FFCF01-BFED-4FB5-ADDC-3665F70C3D77}.Release|x86.ActiveCfg = Release|Win32
		{21FFCF01-BFED-4FB5-ADDC-3665F70C3D77}.Release|x86.Build.0 = Release|Win32
		{09AADC55-6D16-40F5-98C5-D3267901DE3E}.Debug|x64.ActiveCfg = Debug|x64
		{09AADC55-6D16-40F5-98C5-D3267901DE3E}.Debug|x64.Build.0 = Debug|x64
		{09AADC55-6D16-40F5-98C5-D3267901DE3E}.Debug|x86.ActiveCfg = Debug|Win32
		{09AADC55-6D16-40F5-98C5-D3267901DE3E}.Debug|x86.Build.0 = Debug|Win32
		{09AADC55-6D16-40F5-98C5-D3267901DE3E}.Release|x64.ActiveCfg = Release|x64
		{09AADC55-6D16-40F5-98C5-D3267901DE3E}.Release|x64.Build.0 = Release|x64
		{09AADC55-6D16-40F5-98C5-D3267901DE3E}.Release|x86.ActiveCfg = Release|Win32
		{09AADC55-6D16-40F5-98C5-D3267901DE3E}.Release|x86.Build.0 = Release|Win32
		{41CE4DD3-87DC-46FC-85FA-181B78B1A3FA}.Debug|x64.ActiveCfg = Debug|x64
		{41CE4DD3-87DC-46FC-85FA-181B78B1A3FA}.Debug|x64.Build.0 = Debug|x64
		{41CE4DD3-87DC-46FC-85FA-181B78B1A3FA}.Debug|x86.ActiveCfg = Debug|Win32
		{41CE4DD3-87DC-46FC-85FA-181B78B1A3FA}.Debug|x86.Build.0 = Debug|Win32
		{41CE4DD3-87DC-46FC-85FA-181B78B1A3FA}.Release|x64.ActiveCfg = Release|x64
		{41CE4DD3-87DC-46FC-85FA-181B78B1A3FA}.Release|x64.Build.0 = Release|x64
		{41CE4DD3-87DC-46FC-85FA-181B78B1A3FA}.Release|x86.ActiveCfg = Release|Win32
		{41CE4DD3-87DC-46FC-85FA-181B78B1A3FA}.Release|x86.Build.0 = Release|Win32
		{D1BF6DA8-D23E-40A0-A58F-BEE71C4A7B69}.Debug|x64.ActiveCfg = Debug|x64
		{D1BF6DA8-D23E-40A0-A58F-BEE71C4A7B69}.Debug|x64.Build.0 = Debug|x64
		{D1BF6DA8-D23E-40A0-A58F-BEE71C4A7B69}.Debug|x86.ActiveCfg = Debug|Win32
		{D1BF6DA8-D23E-40A0-A58F-BEE71C4A7B69}.Debug|x86.Build.0 = Debug|Win32
		{D1BF6DA8-D23E-40A0-A58F-BEE71C4A7B69}.Release|x64.ActiveCfg = Release|x64
		{D1BF6DA8-D23E-40A0-A58F-BEE71C4A7B69}.Release|x64.Build.0 = Release|x64
		{D1BF6DA8-D23E-40A0-A58F-BEE71C4A7B69}.Release|x86.ActiveCfg = Release|Win32
		{D1BF6DA8-D23E-40A0-A58F-BEE71C4A7B69}.Release|x86.Build.0 = Release|Win32
		{D59D5682-450F-4DB0-A823-4603F50FB541}.Debug|x64.ActiveCfg = Debug|x64
		{D59D5682-450F-4DB0-A823-4603F50FB541}.Debug|x64.Build.0 = Debug|x64
		{D59D5682-450F-4DB0-A823-4603F50FB541}.Debug|x86.ActiveCfg = Debug|Win32
		{D59D5682-450F-4DB0-A823-4603F50FB541}.Debug|x86.Build.0 = Debug|Win32
		{D59D5682-450F-4DB0-A823-4603F50FB541}.Release|x64.ActiveCfg = Release|x64
		{D59D5682-450F-4DB0-A823-4603F50FB541}.Release|x64.Build.0 = Release|x64
		{D59D5682-450F-4DB0-A823-4603F50FB541}.Release|x86.ActiveCfg = Release|Win32
		{D59D5682-450F-4DB0-A823-4603F50FB541}.Release|x86.Build.0 = Release|Win32
		{4CCFC1E2-FA89-43C9-8EA7-EA87844B90C9}.Debug|x64.ActiveCfg = Debug|x64
		{4CCFC1E2-FA89-43C9-8EA7-EA87844B90C9}.Debug|x64.Build.0 = Debug|x64
		{4CCFC1E2-FA89-43C9-8EA7-EA87844B90C9}.Debug|x86.ActiveCfg = Debug|Win32
		{4CCFC1E2-FA89-43C9-8EA7-EA87844B90C9}.Debug|x86.Build.0 = Debug|Win32
		{4CCFC1E2-FA89-43C9-8EA7-EA87844B90C9}.Release|x64.ActiveCfg = Release|x64
		{4CCFC1E2-FA89-43C9-8EA7-EA87844B90C9}.Release|x64.Build.0 = Release|x64
		{4CCFC1E2-FA89-43C9-8EA7-EA87844B90C9}.Release|x86.ActiveCfg = Release|Win32
		{4CCFC1E2-FA89-43C9-8EA7-EA87844B90C9}.Release|x86.Build.0 = Release|Win32
		{3E1B0A66-E0CB-42D1-8352-2F5D7AD23F24}.Debug|x64.ActiveCfg = Debug|x64
		{3E1B0A66-E0CB-42D1-8352-2F5D7AD23F24}.Debug|x64.Build.0 = Debug|x64
		{3E1B0A66-E0CB-42D1-8352-2F5D7AD23F24}.Debug|x86.ActiveCfg = Debug|Win32
		{3E1B0A66-E0CB-42D1-8352-2F5D7AD23F24}.Debug|x86.Build.0 = Debug|Win32
		{3E1B0A66-E0CB-42D1-8352-2F5D7AD23F24}.Release|x64.ActiveCfg = Release|x64
		{3E1B0A66-E0CB-42D1-8352-2F5D7AD23F24}.Release|x64.Build.0 = Release|x64
		{3E1B0A66-E0CB-42D1-8352-2F5D7AD23F24}.Release|x86.ActiveCfg = Release|Win32
		{3E1B0A66-E0CB-42D1-8352-2F5D7AD23F24}.Release|x86.Build.0 = Release|Win32
		{DCE69556-F0E6-4511-8D7D-78F89CB818E4}.Debug|x64.ActiveCfg = Debug|x64
		{DCE69556-F0E6-4511-8D7D-78F89CB818E4}.Debug|x64.Build.0 = Debug|x64
		{DCE69556-F0E6-4511-8D7D-78F89CB818E4}.Debug|x86.ActiveCfg = Debug|Win32
		{DCE69556-F0E6-4511-8D7D-78F89CB818E4}.Debug|x86.Build.0 = Debug|Win32
		{DCE69556-F0E6-4511-8D7D-78F89CB818E4}.Release|x64.ActiveCfg = Release|x64
		{DCE69556-F0E6-4511-8D7D-78F89CB818E4}.Release|x64.Build.0 = Release|x64
		{DCE69556-F0E6-4511-8D7D-78F89CB818E4}.Release|x86.ActiveCfg = Release|Win32
		{DCE69556-F0E6-4511-8D7D-78F89CB818E4}.Release|x86.Build.0 = Release|Win32
		{28C9424B-C961-461F-82A3-FDA95DD5BB32}.Debug|x64.ActiveCfg = Debug|x64
		{28C9424B-C961-461F-82A3-FDA95DD5BB32}.Debug|x64.Build.0 = Debug|x64
		{28C9424B-C961-461F-82A3-FDA95DD5BB32}.Debug|x86.ActiveCfg = Debug|Win32
		{28C9424B-C961-461F-82A3-FDA95DD5BB32}.Debug|x86.Build.0 = Debug|Win32
		{28C9424B-C961-461F-82A3-FDA95DD5BB32}.Release|x64.ActiveCfg = Release|x64
		{28C9424B-C961-461F-82A3-FDA95DD5BB32}.Release|x64.Build.0 = Release|x64
		{28C9424B-C961-461F-82A3-FDA95DD5BB32}.Release|x86.ActiveCfg = Release|Win32
		{28C9424B-C961-461F-82A3-FDA95DD5BB32}.Release|x86.Build.0 = Release|Win32
		{3013656F-70B3-4897-80EF-81467C90A6B4}.Debug|x64.ActiveCfg = Debug|x64
		{3013656F-70B3-4897-80EF-81467C90A6B4}.Debug|x64.Build.0 = Debug|x64
		{3013656F-70B3-4897-80EF-81467C90A6B4}.Debug|x86.ActiveCfg = Debug|Win32
		{3013656F-70B3-4897-80EF-81467C90A6B4}.Debug|x86.Build.0 = Debug|Win32
		{3013656F-70B3-4897-80EF-81467C90A6B4}.Release|x64.ActiveCfg = Release|x64
		{3013656F-70B3-4897-80EF-81467C90A6B4}.Release|x64.Build.0 = Release|x64
		{3013656F-70B3-4897-80EF-81467C90A6B4}.Release|x86.ActiveCfg = Release|Win32
		{3013656F-70B3-4897-80EF-81467C90A6B4}.Release|x86.Build.0 = Release|Win32
		{A57FC3E0-39FC-41A8-85A8-094B6DF7D13C}.Debug|x64.ActiveCfg = Debug|x64
		{A57FC3E0-39FC-41A8-85A8-094B6DF7D13C}.Debug|x64.Build.0 = Debug|x64
		{A57FC3E0-39FC-41A8-85A8-094B6DF7D13C}.Debug|x86.ActiveCfg = Debug|Win32
		{A57FC3E0-39FC-41A8-85A8-094B6DF7D13C}.Debug|x86.Build.0 = Debug|Win32
		{A57FC3E0-39FC-41A8-85A8-094B6DF7D13C}.Release|x64.ActiveCfg = Release|x64
		{A57FC3E0-39FC-41A8-85A8-094B6DF7D13C}.Release|x64.Build.0 = Release|x64
		{A57FC3E0-39FC-41A8-85A8-094B6DF7D13C}.Release|x86.ActiveCfg = Release|Win32
		{A57FC3E0-39FC-41A8-85A8-094B6DF7D13C}.Release|x86.Build.0 = Release|Win32
		{A810ECDB-A2F5-48F6-B9C4-87DA12BD6BC6}.Debug|x64.ActiveCfg = Debug|x64
		{A810ECDB-A2F5-48F6-B9C4-87DA12BD6BC6}.Debug|x64.Build.0 = Debug|x64
		{A810ECDB-A2F5-48F6-B9C4-87DA12BD6BC6}.Debug|x86.ActiveCfg = Debug|Win32
		{A810ECDB-A2F5-48F6-B9C4-87DA12BD6BC6}.Debug|x86.Build.0 = Debug|Win32
		{A810ECDB-A2F5-48F6-B9C4-87DA12BD6BC6}.Release|x64.ActiveCfg = Release|x64
		{A810ECDB-A2F5-48F6-B9C4-87DA12BD6BC6}.Release|x64.Build.0 = Release|x64
		{A810ECDB-A2F5-48F6-B9C4-87DA12BD6BC6}.Release|x86.ActiveCfg = Release|Win32
		{A810ECDB-A2F5-48F6-B9C4-87DA12BD6BC6}.Release|x86.Build.0 = Release|Win32
	EndGlobalSection
	GlobalSection(SolutionProperties) = preSolution
		HideSolutionNode = FALSE
	EndGlobalSection
	GlobalSection(ExtensibilityGlobals) = postSolution
		SolutionGuid = {4C1DC537-7639-4F77-B8F7-BBB4BB3D0BE3}
	EndGlobalSection
EndGlobal
