<?xml version="1.0" encoding="utf-8"?>
<Project ToolsVersion="4.0" xmlns="http://schemas.microsoft.com/developer/msbuild/2003">
  <ItemGroup>
    <Filter Include="Source Files">
      <UniqueIdentifier>{4FC737F1-C7A5-4376-A066-2A32D752A2FF}</UniqueIdentifier>
      <Extensions>cpp;c;cc;cxx;c++;def;odl;idl;hpj;bat;asm;asmx</Extensions>
    </Filter>
    <Filter Include="Header Files">
      <UniqueIdentifier>{93995380-89BD-4b04-88EB-625FBE52EBFB}</UniqueIdentifier>
      <Extensions>h;hh;hpp;hxx;h++;hm;inl;inc;ipp;xsd</Extensions>
    </Filter>
    <Filter Include="Resource Files">
      <UniqueIdentifier>{67DA6AB6-F800-4c08-8B7A-83BB121AAD01}</UniqueIdentifier>
      <Extensions>rc;ico;cur;bmp;dlg;rc2;rct;bin;rgs;gif;jpg;jpeg;jpe;resx;tiff;tif;png;wav;mfcribbon-ms</Extensions>
    </Filter>
    <Filter Include="Source Files\ConceptualExample">
      <UniqueIdentifier>{816bf9f2-9520-474d-aa6f-12a054464677}</UniqueIdentifier>
    </Filter>
    <Filter Include="Source Files\DynamicDecoration">
      <UniqueIdentifier>{c2ae6189-1798-4047-bd0c-39d00fab23a0}</UniqueIdentifier>
    </Filter>
    <Filter Include="Source Files\StaticShapes">
      <UniqueIdentifier>{ea16f396-50ca-4676-b80e-d911e34e4e14}</UniqueIdentifier>
    </Filter>
  </ItemGroup>
  <ItemGroup>
    <ClCompile Include="ConceptualExample.cpp">
      <Filter>Source Files\ConceptualExample</Filter>
    </ClCompile>
    <ClCompile Include="Program.cpp">
      <Filter>Source Files</Filter>
    </ClCompile>
    <ClCompile Include="DynamicShapes.cpp">
      <Filter>Source Files\DynamicDecoration</Filter>
    </ClCompile>
    <ClCompile Include="StaticShapes.cpp">
      <Filter>Source Files\StaticShapes</Filter>
    </ClCompile>
  </ItemGroup>
  <ItemGroup>
    <None Include="Resources\Readme.md">
      <Filter>Resource Files</Filter>
    </None>
    <None Include="Resources\dp_decorator_01.svg">
      <Filter>Resource Files</Filter>
    </None>
    <None Include="Resources\dp_decorator_02.svg">
      <Filter>Resource Files</Filter>
    </None>
  </ItemGroup>
</Project>