<?xml version="1.0" encoding="utf-8"?>
<Project ToolsVersion="4.0" xmlns="http://schemas.microsoft.com/developer/msbuild/2003">
  <ItemGroup>
    <Filter Include="Source Files">
      <UniqueIdentifier>{4FC737F1-C7A5-4376-A066-2A32D752A2FF}</UniqueIdentifier>
      <Extensions>cpp;c;cc;cxx;c++;def;odl;idl;hpj;bat;asm;asmx</Extensions>
    </Filter>
    <Filter Include="Header Files">
      <UniqueIdentifier>{93995380-89BD-4b04-88EB-625FBE52EBFB}</UniqueIdentifier>
      <Extensions>h;hh;hpp;hxx;h++;hm;inl;inc;ipp;xsd</Extensions>
    </Filter>
    <Filter Include="Resource Files">
      <UniqueIdentifier>{67DA6AB6-F800-4c08-8B7A-83BB121AAD01}</UniqueIdentifier>
      <Extensions>rc;ico;cur;bmp;dlg;rc2;rct;bin;rgs;gif;jpg;jpeg;jpe;resx;tiff;tif;png;wav;mfcribbon-ms</Extensions>
    </Filter>
    <Filter Include="FileSystem">
      <UniqueIdentifier>{6b5dfcab-926a-4481-b7ce-27dff44e9baf}</UniqueIdentifier>
    </Filter>
  </ItemGroup>
  <ItemGroup>
    <ClCompile Include="ConceptualExample.cpp">
      <Filter>Source Files</Filter>
    </ClCompile>
    <ClCompile Include="Program.cpp">
      <Filter>Source Files</Filter>
    </ClCompile>
    <ClCompile Include="File.cpp">
      <Filter>FileSystem</Filter>
    </ClCompile>
    <ClCompile Include="Directory.cpp">
      <Filter>FileSystem</Filter>
    </ClCompile>
    <ClCompile Include="FileSystemExample01.cpp">
      <Filter>FileSystem</Filter>
    </ClCompile>
    <ClCompile Include="FileSystemExample10.cpp">
      <Filter>FileSystem</Filter>
    </ClCompile>
    <ClCompile Include="DirectoryEx.cpp">
      <Filter>FileSystem</Filter>
    </ClCompile>
  </ItemGroup>
  <ItemGroup>
    <ClInclude Include="FileComponent.h">
      <Filter>FileSystem</Filter>
    </ClInclude>
    <ClInclude Include="File.h">
      <Filter>FileSystem</Filter>
    </ClInclude>
    <ClInclude Include="Directory.h">
      <Filter>FileSystem</Filter>
    </ClInclude>
    <ClInclude Include="DirectoryEx.h">
      <Filter>FileSystem</Filter>
    </ClInclude>
  </ItemGroup>
  <ItemGroup>
    <Image Include="Resources\CompositePattern.png">
      <Filter>Resource Files</Filter>
    </Image>
    <Image Include="Resources\CompositePattern_02.jpg">
      <Filter>Resource Files</Filter>
    </Image>
    <Image Include="Resources\CompositePattern_02.png">
      <Filter>Resource Files</Filter>
    </Image>
    <Image Include="Resources\dp_composite_pattern.png">
      <Filter>Resource Files</Filter>
    </Image>
  </ItemGroup>
  <ItemGroup>
    <None Include="Resources\Readme.md">
      <Filter>Resource Files</Filter>
    </None>
  </ItemGroup>
</Project>